# Generated by pub
# See https://dart.dev/tools/pub/glossary#lockfile
packages:
  archive:
    dependency: transitive
    description:
      name: archive
      sha256: f06332efd7b0886705a929c5d3b52cda4d6d0979627c1dbe9a18fc24becf50ae
      url: "https://pub.dev"
    source: hosted
    version: "2.0.13"
  args:
    dependency: transitive
    description:
      name: args
      sha256: "6ba785824030bc97154264652acfd6a2dc699cd85f6def708fb7534d23ef1348"
      url: "https://pub.dev"
    source: hosted
    version: "1.6.0"
  async:
    dependency: transitive
    description:
      name: async
      sha256: bfe67ef28df125b7dddcea62755991f807aa39a2492a23e1550161692950bbe0
      url: "https://pub.dev"
    source: hosted
    version: "2.10.0"
  bloc:
    dependency: transitive
    description:
      name: bloc
      sha256: ccc49d51be007d6bcf4cd113bd4a3ed70ebd31eb74359335366d07df8261ada4
      url: "https://pub.dev"
    source: hosted
    version: "3.0.0"
  boolean_selector:
    dependency: transitive
    description:
      name: boolean_selector
      sha256: "6cfb5af12253eaf2b368f07bacc5a80d1301a071c73360d746b7f2e32d762c66"
      url: "https://pub.dev"
    source: hosted
    version: "2.1.1"
  characters:
    dependency: transitive
    description:
      name: characters
      sha256: e6a326c8af69605aec75ed6c187d06b349707a27fbff8222ca9cc2cff167975c
      url: "https://pub.dev"
    source: hosted
    version: "1.2.1"
  charcode:
    dependency: transitive
    description:
      name: charcode
      sha256: "8e36feea6de5ea69f2199f29cf42a450a855738c498b57c0b980e2d3cca9c362"
      url: "https://pub.dev"
    source: hosted
    version: "1.2.0"
  charts_common:
    dependency: transitive
    description:
      name: charts_common
      sha256: "12b81d23d81773a5bd750509f0fd6c4de4fbfbd2ef840cb196ff9be58eefd232"
      url: "https://pub.dev"
    source: hosted
    version: "0.10.0"
  charts_flutter:
    dependency: "direct main"
    description:
      name: charts_flutter
      sha256: e9466fe2cdcb4e4e95c631af1ebe1a38932700c1441b397a1db60df961be51fd
      url: "https://pub.dev"
    source: hosted
    version: "0.10.0"
  clock:
    dependency: transitive
    description:
      name: clock
      sha256: cb6d7f03e1de671e34607e909a7213e31d7752be4fb66a86d29fe1eb14bfb5cf
      url: "https://pub.dev"
    source: hosted
    version: "1.1.1"
  collection:
    dependency: transitive
    description:
      name: collection
      sha256: cfc915e6923fe5ce6e153b0723c753045de46de1b4d63771530504004a45fae0
      url: "https://pub.dev"
    source: hosted
    version: "1.17.0"
  color:
    dependency: transitive
    description:
      name: color
      sha256: "45950fb28039ef7b99a0072275673521a7bf24f2fa58a9e55435a416124fbb50"
      url: "https://pub.dev"
    source: hosted
    version: "2.1.1"
  convert:
    dependency: transitive
    description:
      name: convert
      sha256: "3fa83bc417e26f1d55814443a603747d48e3cdf55b2f4fea27dea8e9224dcefd"
      url: "https://pub.dev"
    source: hosted
    version: "2.1.1"
  country_pickers:
    dependency: "direct main"
    description:
      name: country_pickers
      sha256: a71df4a061b25f07b202a881c43a057edc842a30b3410d511382103c68afebc2
      url: "https://pub.dev"
    source: hosted
    version: "2.0.0"
  crypto:
    dependency: transitive
    description:
      name: crypto
      sha256: "3ce628f3c6a7144be6c524dbb20ca5af52fa59c850c587bf5e52cd70ece8e7e8"
      url: "https://pub.dev"
    source: hosted
    version: "2.1.5"
  cupertino_icons:
    dependency: "direct main"
    description:
      name: cupertino_icons
      sha256: caac504f942f41dfadcf45229ce8c47065b93919a12739f20d6173a883c5ec73
      url: "https://pub.dev"
    source: hosted
    version: "1.0.2"
  dartz:
    dependency: "direct main"
    description:
      name: dartz
      sha256: "70c5e3894296a02629872b0e5e39506642ca826dfa0aef246aaf9f9fd601fc2d"
      url: "https://pub.dev"
    source: hosted
    version: "0.8.9"
  data_connection_checker:
    dependency: "direct main"
    description:
      name: data_connection_checker
      sha256: "1c8e544acf5ff88785967978b9ebb9f87a57eb1d19a6933b4f3a6f85dbb65163"
      url: "https://pub.dev"
    source: hosted
    version: "0.3.4"
  device_info:
    dependency: "direct main"
    description:
      name: device_info
      sha256: c1b114b9ee93858177889e4d494a008df6156da08beaf1ba74716b68cc1934de
      url: "https://pub.dev"
    source: hosted
    version: "0.4.2+10"
  device_info_platform_interface:
    dependency: transitive
    description:
      name: device_info_platform_interface
      sha256: "7883640cf639d7e27506e218af9985f50836254d394fdf839bdef632c15c03dc"
      url: "https://pub.dev"
    source: hosted
    version: "1.0.1"
  dio:
    dependency: "direct main"
    description:
      name: dio
      sha256: "11979099d9ea182d74b6734340704d628b99c7a8316f9edd7718a297d1bcdd27"
      url: "https://pub.dev"
    source: hosted
    version: "3.0.10"
  dotted_border:
    dependency: "direct main"
    description:
      name: dotted_border
      sha256: "9494d9961d46490f53a2de5686c776fe5698d362c2a9fb20dd4ad65ac6e0a5d0"
      url: "https://pub.dev"
    source: hosted
    version: "1.0.7"
  equatable:
    dependency: "direct main"
    description:
      name: equatable
      sha256: "8007a033720c056066dd1dc20bc2934cac91e271f0408c578aa26c7731618a03"
      url: "https://pub.dev"
    source: hosted
    version: "1.2.6"
  fake_async:
    dependency: transitive
    description:
      name: fake_async
      sha256: "511392330127add0b769b75a987850d136345d9227c6b94c96a04cf4a391bf78"
      url: "https://pub.dev"
    source: hosted
    version: "1.3.1"
  flutter:
    dependency: "direct main"
    description: flutter
    source: sdk
    version: "0.0.0"
  flutter_bloc:
    dependency: "direct main"
    description:
      name: flutter_bloc
      sha256: a154527ffb6656a84c9a83baed40f2f09e06665a9a04da438801fe7421137158
      url: "https://pub.dev"
    source: hosted
    version: "3.2.0"
  flutter_localizations:
    dependency: "direct main"
    description: flutter
    source: sdk
    version: "0.0.0"
  flutter_native_splash:
    dependency: "direct main"
    description:
      name: flutter_native_splash
      sha256: "35233d3d60608e17c10d13f447ced8c8693bbf00f59894e520ea9e9259fd3db5"
      url: "https://pub.dev"
    source: hosted
    version: "0.1.9"
  flutter_plugin_android_lifecycle:
    dependency: transitive
    description:
      name: flutter_plugin_android_lifecycle
      sha256: f64fc84e913a3c225588724c811f5f6600562d17fc6f6cea7fda264fc93361ae
      url: "https://pub.dev"
    source: hosted
    version: "1.0.11"
  flutter_rating_bar:
    dependency: "direct main"
    description:
      name: flutter_rating_bar
      sha256: "4818e240f9a869af70cfc6f9c5b97f53163b95ae183ec01034d0b89a34326d09"
      url: "https://pub.dev"
    source: hosted
    version: "3.2.0+1"
  flutter_test:
    dependency: "direct dev"
    description: flutter
    source: sdk
    version: "0.0.0"
  geolocator:
    dependency: "direct main"
    description:
      name: geolocator
      sha256: dffcc8ac98ae78db2ab83e1b3486741b8810a927b76116d4b4ed2d87f036dc44
      url: "https://pub.dev"
    source: hosted
    version: "5.3.2+2"
  get_it:
    dependency: "direct main"
    description:
      name: get_it
      sha256: a923c9d0acfee7f3ad9bb65c545e0a1ee0b87fef507ce88f87847d3c8f15be9c
      url: "https://pub.dev"
    source: hosted
    version: "3.1.0"
  google_api_availability:
    dependency: transitive
    description:
      name: google_api_availability
      sha256: "652f4904b167c7890ae4a99a563b4522adf6bcffbc18f9bc580ebb902134398b"
      url: "https://pub.dev"
    source: hosted
    version: "2.0.4"
  google_maps_flutter:
    dependency: "direct main"
    description:
      name: google_maps_flutter
      sha256: "0577070bfaa85c67f8df55d7400c8d0a8bfd831c9bf193ecd8e5b14089658a23"
      url: "https://pub.dev"
    source: hosted
    version: "0.5.33"
  google_maps_flutter_platform_interface:
    dependency: transitive
    description:
      name: google_maps_flutter_platform_interface
      sha256: "6c60fa5c4a396d42f113c5a1f0dc592ca87c4a57d0def92a4880a286c58491d5"
      url: "https://pub.dev"
    source: hosted
    version: "1.2.0"
  hive:
    dependency: "direct main"
    description:
      name: hive
      sha256: "82fdfc312023d1c54229ebe065957cfbf1a766f02ff87dc189c5f32f81bdfa01"
      url: "https://pub.dev"
    source: hosted
    version: "1.4.4+1"
  http_parser:
    dependency: transitive
    description:
      name: http_parser
      sha256: "9d2b0626e9e402fc98e6868360da8f256064d6c0b8e4c3edcca5e02fb0b95da9"
      url: "https://pub.dev"
    source: hosted
    version: "3.1.4"
  image:
    dependency: transitive
    description:
      name: image
      sha256: "3ef4d4b6eb16111f24314f6f85a8852ebb5f6f85ae51ed2bca72edc273c16734"
      url: "https://pub.dev"
    source: hosted
    version: "2.1.19"
  intl:
    dependency: transitive
    description:
      name: intl
      sha256: "910f85bce16fb5c6f614e117efa303e85a1731bb0081edf3604a2ae6e9a3cc91"
      url: "https://pub.dev"
    source: hosted
    version: "0.17.0"
  js:
    dependency: transitive
    description:
      name: js
      sha256: "5528c2f391ededb7775ec1daa69e65a2d61276f7552de2b5f7b8d34ee9fd4ab7"
      url: "https://pub.dev"
    source: hosted
    version: "0.6.5"
  location_permissions:
    dependency: transitive
    description:
      name: location_permissions
      sha256: "7e05fdf2c00c2950372641f0f71b3de928fc6ba488b23f1bb45f6d910d58c155"
      url: "https://pub.dev"
    source: hosted
    version: "3.0.0+1"
  logging:
    dependency: transitive
    description:
      name: logging
      sha256: "0520a4826042a8a5d09ddd4755623a50d37ee536d79a70452aff8c8ad7bb6c27"
      url: "https://pub.dev"
    source: hosted
    version: "1.0.1"
  matcher:
    dependency: transitive
    description:
      name: matcher
      sha256: "16db949ceee371e9b99d22f88fa3a73c4e59fd0afed0bd25fc336eb76c198b72"
      url: "https://pub.dev"
    source: hosted
    version: "0.12.13"
  material_color_utilities:
    dependency: transitive
    description:
      name: material_color_utilities
      sha256: d92141dc6fe1dad30722f9aa826c7fbc896d021d792f80678280601aff8cf724
      url: "https://pub.dev"
    source: hosted
    version: "0.2.0"
  meta:
    dependency: transitive
    description:
      name: meta
      sha256: "6c268b42ed578a53088d834796959e4a1814b5e9e164f147f580a386e5decf42"
      url: "https://pub.dev"
    source: hosted
    version: "1.8.0"
  mime:
    dependency: transitive
    description:
      name: mime
      sha256: "5041f313f4e30fbd70dee7c0403785a4ee270f75830f590e5983960fddf743e4"
      url: "https://pub.dev"
    source: hosted
    version: "0.9.7"
  nested:
    dependency: transitive
    description:
      name: nested
      sha256: "03bac4c528c64c95c722ec99280375a6f2fc708eec17c7b3f07253b626cd2a20"
      url: "https://pub.dev"
    source: hosted
    version: "1.0.0"
  path:
    dependency: transitive
    description:
      name: path
      sha256: db9d4f58c908a4ba5953fcee2ae317c94889433e5024c27ce74a37f94267945b
      url: "https://pub.dev"
    source: hosted
    version: "1.8.2"
  path_drawing:
    dependency: transitive
    description:
      name: path_drawing
      sha256: b3dd74e2210b2b71be3d3098b956dbab853ee43a86918b4bc20c9b9bd49f03f3
      url: "https://pub.dev"
    source: hosted
    version: "0.4.1+1"
  path_parsing:
    dependency: transitive
    description:
      name: path_parsing
      sha256: "4e613c811d25f1533c0d05eb2755e21410247b8a13ac7f6cd23c0cecb2ff683d"
      url: "https://pub.dev"
    source: hosted
    version: "0.1.4"
  permission_handler:
    dependency: "direct main"
    description:
      name: permission_handler
      sha256: "01bf998e8a012a0e112cbac4de2b950d641efda4179db1135835fe8c35f1e461"
      url: "https://pub.dev"
    source: hosted
    version: "4.4.0+hotfix.4"
  permission_handler_platform_interface:
    dependency: transitive
    description:
      name: permission_handler_platform_interface
      sha256: "3475a0dc1d46c68618624bb95bce6f001140349f5555d1b6b9d63793fdc58fbf"
      url: "https://pub.dev"
    source: hosted
    version: "1.0.0"
  petitparser:
    dependency: transitive
    description:
      name: petitparser
      sha256: fe07f9345bf03ff0c881d1f5494e20cc40206780ca5dea86aab8037cb49af5f2
      url: "https://pub.dev"
    source: hosted
    version: "3.1.0"
  plugin_platform_interface:
    dependency: transitive
    description:
      name: plugin_platform_interface
      sha256: c3ebbff365bfb1b5f7b690c9857d2dabea167f35b05eb7586186499b407efb37
      url: "https://pub.dev"
    source: hosted
    version: "1.0.3"
  provider:
    dependency: transitive
    description:
      name: provider
      sha256: af58e866ea76fa7d156ea5e6ffa1c28b52dabff5c87fbdf265f7c6adaa7a741d
      url: "https://pub.dev"
    source: hosted
    version: "4.3.3"
  rxdart:
    dependency: transitive
    description:
      name: rxdart
      sha256: "4bae6903a1d29621f4a43aea824e7c309cdad293c1a260a55c370d9048f35d88"
      url: "https://pub.dev"
    source: hosted
    version: "0.23.1"
  share:
    dependency: "direct main"
    description:
      name: share
      sha256: fc1647d0c3a8eb648dc6d91d2207e7976c1d941e2165a09cba7c805b0c24467e
      url: "https://pub.dev"
    source: hosted
    version: "0.6.5+4"
  shared_preferences:
    dependency: "direct main"
    description:
      name: shared_preferences
      sha256: "3330564c1923750d5e272330697164495babbaa23988fd8cdf894efbaf33650a"
      url: "https://pub.dev"
    source: hosted
    version: "0.5.4+9"
  shared_preferences_platform_interface:
    dependency: transitive
    description:
      name: shared_preferences_platform_interface
      sha256: "10958ff09d5b0caaf199fdc436b3433cb9f7491e5f71e4b3d98b451edfee34f4"
      url: "https://pub.dev"
    source: hosted
    version: "1.0.4"
  shimmer:
    dependency: "direct main"
    description:
      name: shimmer
      sha256: cf3a663a5a9ef2c9603f28b1b57c52e456a55d262728ddf86bfdcaf5aa5309f7
      url: "https://pub.dev"
    source: hosted
    version: "1.1.2"
  sky_engine:
    dependency: transitive
    description: flutter
    source: sdk
    version: "0.0.99"
  source_span:
    dependency: transitive
    description:
      name: source_span
      sha256: dd904f795d4b4f3b870833847c461801f6750a9fa8e61ea5ac53f9422b31f250
      url: "https://pub.dev"
    source: hosted
    version: "1.9.1"
  stack_trace:
    dependency: transitive
    description:
      name: stack_trace
      sha256: c3c7d8edb15bee7f0f74debd4b9c5f3c2ea86766fe4178eb2a18eb30a0bdaed5
      url: "https://pub.dev"
    source: hosted
    version: "1.11.0"
  stream_channel:
    dependency: transitive
    description:
      name: stream_channel
      sha256: "83615bee9045c1d322bbbd1ba209b7a749c2cbcdcb3fdd1df8eb488b3279c1c8"
      url: "https://pub.dev"
    source: hosted
    version: "2.1.1"
  stream_transform:
    dependency: transitive
    description:
      name: stream_transform
      sha256: "0727efc56e75321979e4e29c4b0dd26885b689fef7f35262ed9b4f5e4a52454a"
      url: "https://pub.dev"
    source: hosted
    version: "1.2.0"
  string_scanner:
    dependency: transitive
    description:
      name: string_scanner
      sha256: "556692adab6cfa87322a115640c11f13cb77b3f076ddcc5d6ae3c20242bedcde"
      url: "https://pub.dev"
    source: hosted
    version: "1.2.0"
  term_glyph:
    dependency: transitive
    description:
      name: term_glyph
      sha256: a29248a84fbb7c79282b40b8c72a1209db169a2e0542bce341da992fe1bc7e84
      url: "https://pub.dev"
    source: hosted
    version: "1.2.1"
  test_api:
    dependency: transitive
    description:
      name: test_api
      sha256: ad540f65f92caa91bf21dfc8ffb8c589d6e4dc0c2267818b4cc2792857706206
      url: "https://pub.dev"
    source: hosted
    version: "0.4.16"
  typed_data:
    dependency: transitive
    description:
      name: typed_data
      sha256: "53bdf7e979cfbf3e28987552fd72f637e63f3c8724c9e56d9246942dc2fa36ee"
      url: "https://pub.dev"
    source: hosted
    version: "1.3.0"
  vector_math:
    dependency: transitive
    description:
      name: vector_math
      sha256: "80b3257d1492ce4d091729e3a67a60407d227c27241d6927be0130c98e741803"
      url: "https://pub.dev"
    source: hosted
    version: "2.1.4"
  xml:
    dependency: transitive
    description:
      name: xml
      sha256: "4c4262c7dcf7b66fa8743cdfd37ccac03d6d50d3de4084b1a528de3107540752"
      url: "https://pub.dev"
    source: hosted
    version: "4.5.1"
  yaml:
    dependency: transitive
    description:
      name: yaml
      sha256: "5ec3d7ffef5a113f664e4c61c08508e23acb2d87021645468967200d684b9274"
      url: "https://pub.dev"
    source: hosted
    version: "2.2.1"
sdks:
  dart: ">=2.18.0 <3.0.0"
  flutter: ">=1.16.3"
